// !$*UTF8*$!
{
	archiveVersion = 1;
	classes = {
	};
	objectVersion = 52;
	objects = {

/* Begin PBXBuildFile section */
		373B94F324A939370055962E /* Tests_iOS.swift in Sources */ = {isa = PBXBuildFile; fileRef = 373B94F224A939370055962E /* Tests_iOS.swift */; };
		373B94FE24A939370055962E /* Tests_macOS.swift in Sources */ = {isa = PBXBuildFile; fileRef = 373B94FD24A939370055962E /* Tests_macOS.swift */; };
		373B950024A939370055962E /* CoinCollectionApp.swift in Sources */ = {isa = PBXBuildFile; fileRef = 373B94D724A939360055962E /* CoinCollectionApp.swift */; };
		373B950124A939370055962E /* CoinCollectionApp.swift in Sources */ = {isa = PBXBuildFile; fileRef = 373B94D724A939360055962E /* CoinCollectionApp.swift */; };
		373B950224A939370055962E /* ContentView.swift in Sources */ = {isa = PBXBuildFile; fileRef = 373B94D824A939360055962E /* ContentView.swift */; };
		373B950324A939370055962E /* ContentView.swift in Sources */ = {isa = PBXBuildFile; fileRef = 373B94D824A939360055962E /* ContentView.swift */; };
		373B950424A939370055962E /* Assets.xcassets in Resources */ = {isa = PBXBuildFile; fileRef = 373B94D924A939370055962E /* Assets.xcassets */; };
		373B950524A939370055962E /* Assets.xcassets in Resources */ = {isa = PBXBuildFile; fileRef = 373B94D924A939370055962E /* Assets.xcassets */; };
		37D7E92324A941EA00E9869E /* Coin.swift in Sources */ = {isa = PBXBuildFile; fileRef = 37D7E92224A941EA00E9869E /* Coin.swift */; };
		37D7E92624A942A000E9869E /* CountryLibrary in Frameworks */ = {isa = PBXBuildFile; productRef = 37D7E92524A942A000E9869E /* CountryLibrary */; };
		37D7E92824A942CE00E9869E /* Period.swift in Sources */ = {isa = PBXBuildFile; fileRef = 37D7E92724A942CE00E9869E /* Period.swift */; };
		37D7E92A24A9439600E9869E /* Value.swift in Sources */ = {isa = PBXBuildFile; fileRef = 37D7E92924A9439600E9869E /* Value.swift */; };
		37D7E92C24A9456500E9869E /* GradingSystem.swift in Sources */ = {isa = PBXBuildFile; fileRef = 37D7E92B24A9456500E9869E /* GradingSystem.swift */; };
		37D7E92E24A9474900E9869E /* Grade.swift in Sources */ = {isa = PBXBuildFile; fileRef = 37D7E92D24A9474900E9869E /* Grade.swift */; };
		37D7E93024A95AAB00E9869E /* Library.swift in Sources */ = {isa = PBXBuildFile; fileRef = 37D7E92F24A95AAB00E9869E /* Library.swift */; };
/* End PBXBuildFile section */

/* Begin PBXContainerItemProxy section */
		373B94EF24A939370055962E /* PBXContainerItemProxy */ = {
			isa = PBXContainerItemProxy;
			containerPortal = 373B94D224A939360055962E /* Project object */;
			proxyType = 1;
			remoteGlobalIDString = 373B94DD24A939370055962E;
			remoteInfo = iOS;
		};
		373B94FA24A939370055962E /* PBXContainerItemProxy */ = {
			isa = PBXContainerItemProxy;
			containerPortal = 373B94D224A939360055962E /* Project object */;
			proxyType = 1;
			remoteGlobalIDString = 373B94E524A939370055962E;
			remoteInfo = macOS;
		};
/* End PBXContainerItemProxy section */

/* Begin PBXFileReference section */
		373B94D724A939360055962E /* CoinCollectionApp.swift */ = {isa = PBXFileReference; lastKnownFileType = sourcecode.swift; path = CoinCollectionApp.swift; sourceTree = "<group>"; };
		373B94D824A939360055962E /* ContentView.swift */ = {isa = PBXFileReference; lastKnownFileType = sourcecode.swift; path = ContentView.swift; sourceTree = "<group>"; };
		373B94D924A939370055962E /* Assets.xcassets */ = {isa = PBXFileReference; lastKnownFileType = folder.assetcatalog; path = Assets.xcassets; sourceTree = "<group>"; };
		373B94DE24A939370055962E /* CoinCollection.app */ = {isa = PBXFileReference; explicitFileType = wrapper.application; includeInIndex = 0; path = CoinCollection.app; sourceTree = BUILT_PRODUCTS_DIR; };
		373B94E124A939370055962E /* Info.plist */ = {isa = PBXFileReference; lastKnownFileType = text.plist.xml; path = Info.plist; sourceTree = "<group>"; };
		373B94E624A939370055962E /* CoinCollection.app */ = {isa = PBXFileReference; explicitFileType = wrapper.application; includeInIndex = 0; path = CoinCollection.app; sourceTree = BUILT_PRODUCTS_DIR; };
		373B94E824A939370055962E /* Info.plist */ = {isa = PBXFileReference; lastKnownFileType = text.plist.xml; path = Info.plist; sourceTree = "<group>"; };
		373B94E924A939370055962E /* macOS.entitlements */ = {isa = PBXFileReference; lastKnownFileType = text.plist.entitlements; path = macOS.entitlements; sourceTree = "<group>"; };
		373B94EE24A939370055962E /* Tests iOS.xctest */ = {isa = PBXFileReference; explicitFileType = wrapper.cfbundle; includeInIndex = 0; path = "Tests iOS.xctest"; sourceTree = BUILT_PRODUCTS_DIR; };
		373B94F224A939370055962E /* Tests_iOS.swift */ = {isa = PBXFileReference; lastKnownFileType = sourcecode.swift; path = Tests_iOS.swift; sourceTree = "<group>"; };
		373B94F424A939370055962E /* Info.plist */ = {isa = PBXFileReference; lastKnownFileType = text.plist.xml; path = Info.plist; sourceTree = "<group>"; };
		373B94F924A939370055962E /* Tests macOS.xctest */ = {isa = PBXFileReference; explicitFileType = wrapper.cfbundle; includeInIndex = 0; path = "Tests macOS.xctest"; sourceTree = BUILT_PRODUCTS_DIR; };
		373B94FD24A939370055962E /* Tests_macOS.swift */ = {isa = PBXFileReference; lastKnownFileType = sourcecode.swift; path = Tests_macOS.swift; sourceTree = "<group>"; };
		373B94FF24A939370055962E /* Info.plist */ = {isa = PBXFileReference; lastKnownFileType = text.plist.xml; path = Info.plist; sourceTree = "<group>"; };
		37D7E92224A941EA00E9869E /* Coin.swift */ = {isa = PBXFileReference; lastKnownFileType = sourcecode.swift; path = Coin.swift; sourceTree = "<group>"; };
		37D7E92724A942CE00E9869E /* Period.swift */ = {isa = PBXFileReference; lastKnownFileType = sourcecode.swift; path = Period.swift; sourceTree = "<group>"; };
		37D7E92924A9439600E9869E /* Value.swift */ = {isa = PBXFileReference; lastKnownFileType = sourcecode.swift; path = Value.swift; sourceTree = "<group>"; };
		37D7E92B24A9456500E9869E /* GradingSystem.swift */ = {isa = PBXFileReference; lastKnownFileType = sourcecode.swift; path = GradingSystem.swift; sourceTree = "<group>"; };
		37D7E92D24A9474900E9869E /* Grade.swift */ = {isa = PBXFileReference; lastKnownFileType = sourcecode.swift; path = Grade.swift; sourceTree = "<group>"; };
		37D7E92F24A95AAB00E9869E /* Library.swift */ = {isa = PBXFileReference; lastKnownFileType = sourcecode.swift; path = Library.swift; sourceTree = "<group>"; };
/* End PBXFileReference section */

/* Begin PBXFrameworksBuildPhase section */
		373B94DB24A939370055962E /* Frameworks */ = {
			isa = PBXFrameworksBuildPhase;
			buildActionMask = 2147483647;
			files = (
				37D7E92624A942A000E9869E /* CountryLibrary in Frameworks */,
			);
			runOnlyForDeploymentPostprocessing = 0;
		};
		373B94E324A939370055962E /* Frameworks */ = {
			isa = PBXFrameworksBuildPhase;
			buildActionMask = 2147483647;
			files = (
			);
			runOnlyForDeploymentPostprocessing = 0;
		};
		373B94EB24A939370055962E /* Frameworks */ = {
			isa = PBXFrameworksBuildPhase;
			buildActionMask = 2147483647;
			files = (
			);
			runOnlyForDeploymentPostprocessing = 0;
		};
		373B94F624A939370055962E /* Frameworks */ = {
			isa = PBXFrameworksBuildPhase;
			buildActionMask = 2147483647;
			files = (
			);
			runOnlyForDeploymentPostprocessing = 0;
		};
/* End PBXFrameworksBuildPhase section */

/* Begin PBXGroup section */
		373B94D124A939360055962E = {
			isa = PBXGroup;
			children = (
				373B94D624A939360055962E /* Shared */,
				373B94E024A939370055962E /* iOS */,
				373B94E724A939370055962E /* macOS */,
				373B94F124A939370055962E /* Tests iOS */,
				373B94FC24A939370055962E /* Tests macOS */,
				373B94DF24A939370055962E /* Products */,
			);
			sourceTree = "<group>";
		};
		373B94D624A939360055962E /* Shared */ = {
			isa = PBXGroup;
			children = (
				37D7E92124A941D900E9869E /* Model */,
				373B94D724A939360055962E /* CoinCollectionApp.swift */,
				373B94D824A939360055962E /* ContentView.swift */,
				373B94D924A939370055962E /* Assets.xcassets */,
			);
			path = Shared;
			sourceTree = "<group>";
		};
		373B94DF24A939370055962E /* Products */ = {
			isa = PBXGroup;
			children = (
				373B94DE24A939370055962E /* CoinCollection.app */,
				373B94E624A939370055962E /* CoinCollection.app */,
				373B94EE24A939370055962E /* Tests iOS.xctest */,
				373B94F924A939370055962E /* Tests macOS.xctest */,
			);
			name = Products;
			sourceTree = "<group>";
		};
		373B94E024A939370055962E /* iOS */ = {
			isa = PBXGroup;
			children = (
				373B94E124A939370055962E /* Info.plist */,
			);
			path = iOS;
			sourceTree = "<group>";
		};
		373B94E724A939370055962E /* macOS */ = {
			isa = PBXGroup;
			children = (
				373B94E824A939370055962E /* Info.plist */,
				373B94E924A939370055962E /* macOS.entitlements */,
			);
			path = macOS;
			sourceTree = "<group>";
		};
		373B94F124A939370055962E /* Tests iOS */ = {
			isa = PBXGroup;
			children = (
				373B94F224A939370055962E /* Tests_iOS.swift */,
				373B94F424A939370055962E /* Info.plist */,
			);
			path = "Tests iOS";
			sourceTree = "<group>";
		};
		373B94FC24A939370055962E /* Tests macOS */ = {
			isa = PBXGroup;
			children = (
				373B94FD24A939370055962E /* Tests_macOS.swift */,
				373B94FF24A939370055962E /* Info.plist */,
			);
			path = "Tests macOS";
			sourceTree = "<group>";
		};
		37D7E92124A941D900E9869E /* Model */ = {
			isa = PBXGroup;
			children = (
				37D7E93124A95B5800E9869E /* Coin */,
				37D7E93224A95B5F00E9869E /* Grade */,
				37D7E93324A95B6700E9869E /* Library */,
			);
			path = Model;
			sourceTree = "<group>";
		};
		37D7E93124A95B5800E9869E /* Coin */ = {
			isa = PBXGroup;
			children = (
				37D7E92224A941EA00E9869E /* Coin.swift */,
				37D7E92724A942CE00E9869E /* Period.swift */,
				37D7E92924A9439600E9869E /* Value.swift */,
			);
			path = Coin;
			sourceTree = "<group>";
		};
		37D7E93224A95B5F00E9869E /* Grade */ = {
			isa = PBXGroup;
			children = (
				37D7E92B24A9456500E9869E /* GradingSystem.swift */,
				37D7E92D24A9474900E9869E /* Grade.swift */,
			);
			path = Grade;
			sourceTree = "<group>";
		};
		37D7E93324A95B6700E9869E /* Library */ = {
			isa = PBXGroup;
			children = (
				37D7E92F24A95AAB00E9869E /* Library.swift */,
			);
			path = Library;
			sourceTree = "<group>";
		};
/* End PBXGroup section */

/* Begin PBXNativeTarget section */
		373B94DD24A939370055962E /* iOS */ = {
			isa = PBXNativeTarget;
			buildConfigurationList = 373B950824A939370055962E /* Build configuration list for PBXNativeTarget "iOS" */;
			buildPhases = (
				373B94DA24A939370055962E /* Sources */,
				373B94DB24A939370055962E /* Frameworks */,
				373B94DC24A939370055962E /* Resources */,
				37A1E15B24A95CFC0072FCCB /* ShellScript */,
			);
			buildRules = (
			);
			dependencies = (
			);
			name = iOS;
			packageProductDependencies = (
				37D7E92524A942A000E9869E /* CountryLibrary */,
			);
			productName = iOS;
			productReference = 373B94DE24A939370055962E /* CoinCollection.app */;
			productType = "com.apple.product-type.application";
		};
		373B94E524A939370055962E /* macOS */ = {
			isa = PBXNativeTarget;
			buildConfigurationList = 373B950B24A939370055962E /* Build configuration list for PBXNativeTarget "macOS" */;
			buildPhases = (
				373B94E224A939370055962E /* Sources */,
				373B94E324A939370055962E /* Frameworks */,
				373B94E424A939370055962E /* Resources */,
			);
			buildRules = (
			);
			dependencies = (
			);
			name = macOS;
			productName = macOS;
			productReference = 373B94E624A939370055962E /* CoinCollection.app */;
			productType = "com.apple.product-type.application";
		};
		373B94ED24A939370055962E /* Tests iOS */ = {
			isa = PBXNativeTarget;
			buildConfigurationList = 373B950E24A939370055962E /* Build configuration list for PBXNativeTarget "Tests iOS" */;
			buildPhases = (
				373B94EA24A939370055962E /* Sources */,
				373B94EB24A939370055962E /* Frameworks */,
				373B94EC24A939370055962E /* Resources */,
			);
			buildRules = (
			);
			dependencies = (
				373B94F024A939370055962E /* PBXTargetDependency */,
			);
			name = "Tests iOS";
			productName = "Tests iOS";
			productReference = 373B94EE24A939370055962E /* Tests iOS.xctest */;
			productType = "com.apple.product-type.bundle.ui-testing";
		};
		373B94F824A939370055962E /* Tests macOS */ = {
			isa = PBXNativeTarget;
			buildConfigurationList = 373B951124A939370055962E /* Build configuration list for PBXNativeTarget "Tests macOS" */;
			buildPhases = (
				373B94F524A939370055962E /* Sources */,
				373B94F624A939370055962E /* Frameworks */,
				373B94F724A939370055962E /* Resources */,
			);
			buildRules = (
			);
			dependencies = (
				373B94FB24A939370055962E /* PBXTargetDependency */,
			);
			name = "Tests macOS";
			productName = "Tests macOS";
			productReference = 373B94F924A939370055962E /* Tests macOS.xctest */;
			productType = "com.apple.product-type.bundle.ui-testing";
		};
/* End PBXNativeTarget section */

/* Begin PBXProject section */
		373B94D224A939360055962E /* Project object */ = {
			isa = PBXProject;
			attributes = {
				LastSwiftUpdateCheck = 1200;
				LastUpgradeCheck = 1200;
				TargetAttributes = {
					373B94DD24A939370055962E = {
						CreatedOnToolsVersion = 12.0;
					};
					373B94E524A939370055962E = {
						CreatedOnToolsVersion = 12.0;
					};
					373B94ED24A939370055962E = {
						CreatedOnToolsVersion = 12.0;
						TestTargetID = 373B94DD24A939370055962E;
					};
					373B94F824A939370055962E = {
						CreatedOnToolsVersion = 12.0;
						TestTargetID = 373B94E524A939370055962E;
					};
				};
			};
			buildConfigurationList = 373B94D524A939360055962E /* Build configuration list for PBXProject "CoinCollection" */;
			compatibilityVersion = "Xcode 9.3";
			developmentRegion = en;
			hasScannedForEncodings = 0;
			knownRegions = (
				en,
				Base,
			);
			mainGroup = 373B94D124A939360055962E;
			packageReferences = (
				37D7E92424A942A000E9869E /* XCRemoteSwiftPackageReference "CountryLibrary" */,
			);
			productRefGroup = 373B94DF24A939370055962E /* Products */;
			projectDirPath = "";
			projectRoot = "";
			targets = (
				373B94DD24A939370055962E /* iOS */,
				373B94E524A939370055962E /* macOS */,
				373B94ED24A939370055962E /* Tests iOS */,
				373B94F824A939370055962E /* Tests macOS */,
			);
		};
/* End PBXProject section */

/* Begin PBXResourcesBuildPhase section */
		373B94DC24A939370055962E /* Resources */ = {
			isa = PBXResourcesBuildPhase;
			buildActionMask = 2147483647;
			files = (
				373B950424A939370055962E /* Assets.xcassets in Resources */,
			);
			runOnlyForDeploymentPostprocessing = 0;
		};
		373B94E424A939370055962E /* Resources */ = {
			isa = PBXResourcesBuildPhase;
			buildActionMask = 2147483647;
			files = (
				373B950524A939370055962E /* Assets.xcassets in Resources */,
			);
			runOnlyForDeploymentPostprocessing = 0;
		};
		373B94EC24A939370055962E /* Resources */ = {
			isa = PBXResourcesBuildPhase;
			buildActionMask = 2147483647;
			files = (
			);
			runOnlyForDeploymentPostprocessing = 0;
		};
		373B94F724A939370055962E /* Resources */ = {
			isa = PBXResourcesBuildPhase;
			buildActionMask = 2147483647;
			files = (
			);
			runOnlyForDeploymentPostprocessing = 0;
		};
/* End PBXResourcesBuildPhase section */

/* Begin PBXShellScriptBuildPhase section */
		37A1E15B24A95CFC0072FCCB /* ShellScript */ = {
			isa = PBXShellScriptBuildPhase;
			buildActionMask = 2147483647;
			files = (
			);
			inputFileListPaths = (
			);
			inputPaths = (
			);
			outputFileListPaths = (
			);
			outputPaths = (
			);
			runOnlyForDeploymentPostprocessing = 0;
			shellPath = /bin/sh;
			shellScript = "if which swiftlint >/dev/null; then\n  swiftlint #--enable-all-rules\nelse\n  echo \"warning: SwiftLint not installed, download from https://github.com/realm/SwiftLint\"\nfi\n";
		};
/* End PBXShellScriptBuildPhase section */

/* Begin PBXSourcesBuildPhase section */
		373B94DA24A939370055962E /* Sources */ = {
			isa = PBXSourcesBuildPhase;
			buildActionMask = 2147483647;
			files = (
				37D7E92324A941EA00E9869E /* Coin.swift in Sources */,
				373B950224A939370055962E /* ContentView.swift in Sources */,
				37D7E92A24A9439600E9869E /* Value.swift in Sources */,
				37D7E92824A942CE00E9869E /* Period.swift in Sources */,
				37D7E92E24A9474900E9869E /* Grade.swift in Sources */,
				37D7E93024A95AAB00E9869E /* Library.swift in Sources */,
				373B950024A939370055962E /* CoinCollectionApp.swift in Sources */,
				37D7E92C24A9456500E9869E /* GradingSystem.swift in Sources */,
			);
			runOnlyForDeploymentPostprocessing = 0;
		};
		373B94E224A939370055962E /* Sources */ = {
			isa = PBXSourcesBuildPhase;
			buildActionMask = 2147483647;
			files = (
				373B950324A939370055962E /* ContentView.swift in Sources */,
				373B950124A939370055962E /* CoinCollectionApp.swift in Sources */,
			);
			runOnlyForDeploymentPostprocessing = 0;
		};
		373B94EA24A939370055962E /* Sources */ = {
			isa = PBXSourcesBuildPhase;
			buildActionMask = 2147483647;
			files = (
				373B94F324A939370055962E /* Tests_iOS.swift in Sources */,
			);
			runOnlyForDeploymentPostprocessing = 0;
		};
		373B94F524A939370055962E /* Sources */ = {
			isa = PBXSourcesBuildPhase;
			buildActionMask = 2147483647;
			files = (
				373B94FE24A939370055962E /* Tests_macOS.swift in Sources */,
			);
			runOnlyForDeploymentPostprocessing = 0;
		};
/* End PBXSourcesBuildPhase section */

/* Begin PBXTargetDependency section */
		373B94F024A939370055962E /* PBXTargetDependency */ = {
			isa = PBXTargetDependency;
			target = 373B94DD24A939370055962E /* iOS */;
			targetProxy = 373B94EF24A939370055962E /* PBXContainerItemProxy */;
		};
		373B94FB24A939370055962E /* PBXTargetDependency */ = {
			isa = PBXTargetDependency;
			target = 373B94E524A939370055962E /* macOS */;
			targetProxy = 373B94FA24A939370055962E /* PBXContainerItemProxy */;
		};
/* End PBXTargetDependency section */

/* Begin XCBuildConfiguration section */
		373B950624A939370055962E /* Debug */ = {
			isa = XCBuildConfiguration;
			buildSettings = {
				ALWAYS_SEARCH_USER_PATHS = NO;
				CLANG_ANALYZER_NONNULL = YES;
				CLANG_ANALYZER_NUMBER_OBJECT_CONVERSION = YES_AGGRESSIVE;
				CLANG_CXX_LANGUAGE_STANDARD = "gnu++14";
				CLANG_CXX_LIBRARY = "libc++";
				CLANG_ENABLE_MODULES = YES;
				CLANG_ENABLE_OBJC_ARC = YES;
				CLANG_ENABLE_OBJC_WEAK = YES;
				CLANG_WARN_BLOCK_CAPTURE_AUTORELEASING = YES;
				CLANG_WARN_BOOL_CONVERSION = YES;
				CLANG_WARN_COMMA = YES;
				CLANG_WARN_CONSTANT_CONVERSION = YES;
				CLANG_WARN_DEPRECATED_OBJC_IMPLEMENTATIONS = YES;
				CLANG_WARN_DIRECT_OBJC_ISA_USAGE = YES_ERROR;
				CLANG_WARN_DOCUMENTATION_COMMENTS = YES;
				CLANG_WARN_EMPTY_BODY = YES;
				CLANG_WARN_ENUM_CONVERSION = YES;
				CLANG_WARN_INFINITE_RECURSION = YES;
				CLANG_WARN_INT_CONVERSION = YES;
				CLANG_WARN_NON_LITERAL_NULL_CONVERSION = YES;
				CLANG_WARN_OBJC_IMPLICIT_RETAIN_SELF = YES;
				CLANG_WARN_OBJC_LITERAL_CONVERSION = YES;
				CLANG_WARN_OBJC_ROOT_CLASS = YES_ERROR;
				CLANG_WARN_QUOTED_INCLUDE_IN_FRAMEWORK_HEADER = YES;
				CLANG_WARN_RANGE_LOOP_ANALYSIS = YES;
				CLANG_WARN_STRICT_PROTOTYPES = YES;
				CLANG_WARN_SUSPICIOUS_MOVE = YES;
				CLANG_WARN_UNGUARDED_AVAILABILITY = YES_AGGRESSIVE;
				CLANG_WARN_UNREACHABLE_CODE = YES;
				CLANG_WARN__DUPLICATE_METHOD_MATCH = YES;
				COPY_PHASE_STRIP = NO;
				DEBUG_INFORMATION_FORMAT = dwarf;
				ENABLE_STRICT_OBJC_MSGSEND = YES;
				ENABLE_TESTABILITY = YES;
				GCC_C_LANGUAGE_STANDARD = gnu11;
				GCC_DYNAMIC_NO_PIC = NO;
				GCC_NO_COMMON_BLOCKS = YES;
				GCC_OPTIMIZATION_LEVEL = 0;
				GCC_PREPROCESSOR_DEFINITIONS = (
					"DEBUG=1",
					"$(inherited)",
				);
				GCC_WARN_64_TO_32_BIT_CONVERSION = YES;
				GCC_WARN_ABOUT_RETURN_TYPE = YES_ERROR;
				GCC_WARN_UNDECLARED_SELECTOR = YES;
				GCC_WARN_UNINITIALIZED_AUTOS = YES_AGGRESSIVE;
				GCC_WARN_UNUSED_FUNCTION = YES;
				GCC_WARN_UNUSED_VARIABLE = YES;
				MTL_ENABLE_DEBUG_INFO = INCLUDE_SOURCE;
				MTL_FAST_MATH = YES;
				ONLY_ACTIVE_ARCH = YES;
				SWIFT_ACTIVE_COMPILATION_CONDITIONS = DEBUG;
				SWIFT_OPTIMIZATION_LEVEL = "-Onone";
			};
			name = Debug;
		};
		373B950724A939370055962E /* Release */ = {
			isa = XCBuildConfiguration;
			buildSettings = {
				ALWAYS_SEARCH_USER_PATHS = NO;
				CLANG_ANALYZER_NONNULL = YES;
				CLANG_ANALYZER_NUMBER_OBJECT_CONVERSION = YES_AGGRESSIVE;
				CLANG_CXX_LANGUAGE_STANDARD = "gnu++14";
				CLANG_CXX_LIBRARY = "libc++";
				CLANG_ENABLE_MODULES = YES;
				CLANG_ENABLE_OBJC_ARC = YES;
				CLANG_ENABLE_OBJC_WEAK = YES;
				CLANG_WARN_BLOCK_CAPTURE_AUTORELEASING = YES;
				CLANG_WARN_BOOL_CONVERSION = YES;
				CLANG_WARN_COMMA = YES;
				CLANG_WARN_CONSTANT_CONVERSION = YES;
				CLANG_WARN_DEPRECATED_OBJC_IMPLEMENTATIONS = YES;
				CLANG_WARN_DIRECT_OBJC_ISA_USAGE = YES_ERROR;
				CLANG_WARN_DOCUMENTATION_COMMENTS = YES;
				CLANG_WARN_EMPTY_BODY = YES;
				CLANG_WARN_ENUM_CONVERSION = YES;
				CLANG_WARN_INFINITE_RECURSION = YES;
				CLANG_WARN_INT_CONVERSION = YES;
				CLANG_WARN_NON_LITERAL_NULL_CONVERSION = YES;
				CLANG_WARN_OBJC_IMPLICIT_RETAIN_SELF = YES;
				CLANG_WARN_OBJC_LITERAL_CONVERSION = YES;
				CLANG_WARN_OBJC_ROOT_CLASS = YES_ERROR;
				CLANG_WARN_QUOTED_INCLUDE_IN_FRAMEWORK_HEADER = YES;
				CLANG_WARN_RANGE_LOOP_ANALYSIS = YES;
				CLANG_WARN_STRICT_PROTOTYPES = YES;
				CLANG_WARN_SUSPICIOUS_MOVE = YES;
				CLANG_WARN_UNGUARDED_AVAILABILITY = YES_AGGRESSIVE;
				CLANG_WARN_UNREACHABLE_CODE = YES;
				CLANG_WARN__DUPLICATE_METHOD_MATCH = YES;
				COPY_PHASE_STRIP = NO;
				DEBUG_INFORMATION_FORMAT = "dwarf-with-dsym";
				ENABLE_NS_ASSERTIONS = NO;
				ENABLE_STRICT_OBJC_MSGSEND = YES;
				GCC_C_LANGUAGE_STANDARD = gnu11;
				GCC_NO_COMMON_BLOCKS = YES;
				GCC_WARN_64_TO_32_BIT_CONVERSION = YES;
				GCC_WARN_ABOUT_RETURN_TYPE = YES_ERROR;
				GCC_WARN_UNDECLARED_SELECTOR = YES;
				GCC_WARN_UNINITIALIZED_AUTOS = YES_AGGRESSIVE;
				GCC_WARN_UNUSED_FUNCTION = YES;
				GCC_WARN_UNUSED_VARIABLE = YES;
				MTL_ENABLE_DEBUG_INFO = NO;
				MTL_FAST_MATH = YES;
				SWIFT_COMPILATION_MODE = wholemodule;
				SWIFT_OPTIMIZATION_LEVEL = "-O";
			};
			name = Release;
		};
		373B950924A939370055962E /* Debug */ = {
			isa = XCBuildConfiguration;
			buildSettings = {
				ASSETCATALOG_COMPILER_APPICON_NAME = AppIcon;
				ASSETCATALOG_COMPILER_GLOBAL_ACCENT_COLOR_NAME = AccentColor;
				CODE_SIGN_STYLE = Automatic;
				DEVELOPMENT_TEAM = 3H4AB28HMB;
				ENABLE_PREVIEWS = YES;
				INFOPLIST_FILE = iOS/Info.plist;
				IPHONEOS_DEPLOYMENT_TARGET = 14.0;
				LD_RUNPATH_SEARCH_PATHS = (
					"$(inherited)",
					"@executable_path/Frameworks",
				);
				PRODUCT_BUNDLE_IDENTIFIER = com.savoini.nicolas.CoinCollection.CoinCollection;
				PRODUCT_NAME = CoinCollection;
				SDKROOT = iphoneos;
				SWIFT_VERSION = 5.0;
				TARGETED_DEVICE_FAMILY = "1,2";
			};
			name = Debug;
		};
		373B950A24A939370055962E /* Release */ = {
			isa = XCBuildConfiguration;
			buildSettings = {
				ASSETCATALOG_COMPILER_APPICON_NAME = AppIcon;
				ASSETCATALOG_COMPILER_GLOBAL_ACCENT_COLOR_NAME = AccentColor;
				CODE_SIGN_STYLE = Automatic;
				DEVELOPMENT_TEAM = 3H4AB28HMB;
				ENABLE_PREVIEWS = YES;
				INFOPLIST_FILE = iOS/Info.plist;
				IPHONEOS_DEPLOYMENT_TARGET = 14.0;
				LD_RUNPATH_SEARCH_PATHS = (
					"$(inherited)",
					"@executable_path/Frameworks",
				);
				PRODUCT_BUNDLE_IDENTIFIER = com.savoini.nicolas.CoinCollection.CoinCollection;
				PRODUCT_NAME = CoinCollection;
				SDKROOT = iphoneos;
				SWIFT_VERSION = 5.0;
				TARGETED_DEVICE_FAMILY = "1,2";
				VALIDATE_PRODUCT = YES;
			};
			name = Release;
		};
		373B950C24A939370055962E /* Debug */ = {
			isa = XCBuildConfiguration;
			buildSettings = {
				ASSETCATALOG_COMPILER_APPICON_NAME = AppIcon;
				ASSETCATALOG_COMPILER_GLOBAL_ACCENT_COLOR_NAME = AccentColor;
				CODE_SIGN_ENTITLEMENTS = macOS/macOS.entitlements;
				CODE_SIGN_STYLE = Automatic;
				COMBINE_HIDPI_IMAGES = YES;
				DEVELOPMENT_TEAM = 3H4AB28HMB;
				ENABLE_HARDENED_RUNTIME = YES;
				ENABLE_PREVIEWS = YES;
				INFOPLIST_FILE = macOS/Info.plist;
				LD_RUNPATH_SEARCH_PATHS = (
					"$(inherited)",
					"@executable_path/../Frameworks",
				);
				MACOSX_DEPLOYMENT_TARGET = 10.16;
				PRODUCT_BUNDLE_IDENTIFIER = com.savoini.nicolas.CoinCollection.CoinCollection;
				PRODUCT_NAME = CoinCollection;
				SDKROOT = macosx;
				SWIFT_VERSION = 5.0;
			};
			name = Debug;
		};
		373B950D24A939370055962E /* Release */ = {
			isa = XCBuildConfiguration;
			buildSettings = {
				ASSETCATALOG_COMPILER_APPICON_NAME = AppIcon;
				ASSETCATALOG_COMPILER_GLOBAL_ACCENT_COLOR_NAME = AccentColor;
				CODE_SIGN_ENTITLEMENTS = macOS/macOS.entitlements;
				CODE_SIGN_STYLE = Automatic;
				COMBINE_HIDPI_IMAGES = YES;
				DEVELOPMENT_TEAM = 3H4AB28HMB;
				ENABLE_HARDENED_RUNTIME = YES;
				ENABLE_PREVIEWS = YES;
				INFOPLIST_FILE = macOS/Info.plist;
				LD_RUNPATH_SEARCH_PATHS = (
					"$(inherited)",
					"@executable_path/../Frameworks",
				);
				MACOSX_DEPLOYMENT_TARGET = 10.16;
				PRODUCT_BUNDLE_IDENTIFIER = com.savoini.nicolas.CoinCollection.CoinCollection;
				PRODUCT_NAME = CoinCollection;
				SDKROOT = macosx;
				SWIFT_VERSION = 5.0;
			};
			name = Release;
		};
		373B950F24A939370055962E /* Debug */ = {
			isa = XCBuildConfiguration;
			buildSettings = {
				ALWAYS_EMBED_SWIFT_STANDARD_LIBRARIES = YES;
				CODE_SIGN_STYLE = Automatic;
				DEVELOPMENT_TEAM = 3H4AB28HMB;
				INFOPLIST_FILE = "Tests iOS/Info.plist";
				IPHONEOS_DEPLOYMENT_TARGET = 14.0;
				LD_RUNPATH_SEARCH_PATHS = (
					"$(inherited)",
					"@executable_path/Frameworks",
					"@loader_path/Frameworks",
				);
				PRODUCT_BUNDLE_IDENTIFIER = "com.savoini.nicolas.CoinCollection.Tests-iOS";
				PRODUCT_NAME = "$(TARGET_NAME)";
				SDKROOT = iphoneos;
				SWIFT_VERSION = 5.0;
				TARGETED_DEVICE_FAMILY = "1,2";
				TEST_TARGET_NAME = iOS;
			};
			name = Debug;
		};
		373B951024A939370055962E /* Release */ = {
			isa = XCBuildConfiguration;
			buildSettings = {
				ALWAYS_EMBED_SWIFT_STANDARD_LIBRARIES = YES;
				CODE_SIGN_STYLE = Automatic;
				DEVELOPMENT_TEAM = 3H4AB28HMB;
				INFOPLIST_FILE = "Tests iOS/Info.plist";
				IPHONEOS_DEPLOYMENT_TARGET = 14.0;
				LD_RUNPATH_SEARCH_PATHS = (
					"$(inherited)",
					"@executable_path/Frameworks",
					"@loader_path/Frameworks",
				);
				PRODUCT_BUNDLE_IDENTIFIER = "com.savoini.nicolas.CoinCollection.Tests-iOS";
				PRODUCT_NAME = "$(TARGET_NAME)";
				SDKROOT = iphoneos;
				SWIFT_VERSION = 5.0;
				TARGETED_DEVICE_FAMILY = "1,2";
				TEST_TARGET_NAME = iOS;
				VALIDATE_PRODUCT = YES;
			};
			name = Release;
		};
		373B951224A939370055962E /* Debug */ = {
			isa = XCBuildConfiguration;
			buildSettings = {
				ALWAYS_EMBED_SWIFT_STANDARD_LIBRARIES = YES;
				CODE_SIGN_STYLE = Automatic;
				COMBINE_HIDPI_IMAGES = YES;
				DEVELOPMENT_TEAM = 3H4AB28HMB;
				INFOPLIST_FILE = "Tests macOS/Info.plist";
				LD_RUNPATH_SEARCH_PATHS = (
					"$(inherited)",
					"@executable_path/../Frameworks",
					"@loader_path/../Frameworks",
				);
				MACOSX_DEPLOYMENT_TARGET = 10.15;
				PRODUCT_BUNDLE_IDENTIFIER = "com.savoini.nicolas.CoinCollection.Tests-macOS";
				PRODUCT_NAME = "$(TARGET_NAME)";
				SDKROOT = macosx;
				SWIFT_VERSION = 5.0;
				TEST_TARGET_NAME = macOS;
			};
			name = Debug;
		};
		373B951324A939370055962E /* Release */ = {
			isa = XCBuildConfiguration;
			buildSettings = {
				ALWAYS_EMBED_SWIFT_STANDARD_LIBRARIES = YES;
				CODE_SIGN_STYLE = Automatic;
				COMBINE_HIDPI_IMAGES = YES;
				DEVELOPMENT_TEAM = 3H4AB28HMB;
				INFOPLIST_FILE = "Tests macOS/Info.plist";
				LD_RUNPATH_SEARCH_PATHS = (
					"$(inherited)",
					"@executable_path/../Frameworks",
					"@loader_path/../Frameworks",
				);
				MACOSX_DEPLOYMENT_TARGET = 10.15;
				PRODUCT_BUNDLE_IDENTIFIER = "com.savoini.nicolas.CoinCollection.Tests-macOS";
				PRODUCT_NAME = "$(TARGET_NAME)";
				SDKROOT = macosx;
				SWIFT_VERSION = 5.0;
				TEST_TARGET_NAME = macOS;
			};
			name = Release;
		};
/* End XCBuildConfiguration section */

/* Begin XCConfigurationList section */
		373B94D524A939360055962E /* Build configuration list for PBXProject "CoinCollection" */ = {
			isa = XCConfigurationList;
			buildConfigurations = (
				373B950624A939370055962E /* Debug */,
				373B950724A939370055962E /* Release */,
			);
			defaultConfigurationIsVisible = 0;
			defaultConfigurationName = Release;
		};
		373B950824A939370055962E /* Build configuration list for PBXNativeTarget "iOS" */ = {
			isa = XCConfigurationList;
			buildConfigurations = (
				373B950924A939370055962E /* Debug */,
				373B950A24A939370055962E /* Release */,
			);
			defaultConfigurationIsVisible = 0;
			defaultConfigurationName = Release;
		};
		373B950B24A939370055962E /* Build configuration list for PBXNativeTarget "macOS" */ = {
			isa = XCConfigurationList;
			buildConfigurations = (
				373B950C24A939370055962E /* Debug */,
				373B950D24A939370055962E /* Release */,
			);
			defaultConfigurationIsVisible = 0;
			defaultConfigurationName = Release;
		};
		373B950E24A939370055962E /* Build configuration list for PBXNativeTarget "Tests iOS" */ = {
			isa = XCConfigurationList;
			buildConfigurations = (
				373B950F24A939370055962E /* Debug */,
				373B951024A939370055962E /* Release */,
			);
			defaultConfigurationIsVisible = 0;
			defaultConfigurationName = Release;
		};
		373B951124A939370055962E /* Build configuration list for PBXNativeTarget "Tests macOS" */ = {
			isa = XCConfigurationList;
			buildConfigurations = (
				373B951224A939370055962E /* Debug */,
				373B951324A939370055962E /* Release */,
			);
			defaultConfigurationIsVisible = 0;
			defaultConfigurationName = Release;
		};
/* End XCConfigurationList section */

/* Begin XCRemoteSwiftPackageReference section */
		37D7E92424A942A000E9869E /* XCRemoteSwiftPackageReference "CountryLibrary" */ = {
			isa = XCRemoteSwiftPackageReference;
			repositoryURL = "https://github.com/satan87/CountryLibrary.git";
			requirement = {
				branch = master;
				kind = branch;
			};
		};
/* End XCRemoteSwiftPackageReference section */

/* Begin XCSwiftPackageProductDependency section */
		37D7E92524A942A000E9869E /* CountryLibrary */ = {
			isa = XCSwiftPackageProductDependency;
			package = 37D7E92424A942A000E9869E /* XCRemoteSwiftPackageReference "CountryLibrary" */;
			productName = CountryLibrary;
		};
/* End XCSwiftPackageProductDependency section */
	};
	rootObject = 373B94D224A939360055962E /* Project object */;
}
